// !$*UTF8*$!
{
	archiveVersion = 1;
	classes = {
	};
	objectVersion = 50;
	objects = {

/* Begin PBXBuildFile section */
		9D145C0E25D6967900483C5D /* AppDelegate.swift in Sources */ = {isa = PBXBuildFile; fileRef = 9D145C0D25D6967900483C5D /* AppDelegate.swift */; };
		9D145C1025D6967900483C5D /* SceneDelegate.swift in Sources */ = {isa = PBXBuildFile; fileRef = 9D145C0F25D6967900483C5D /* SceneDelegate.swift */; };
		9D145C1525D6967900483C5D /* Main.storyboard in Resources */ = {isa = PBXBuildFile; fileRef = 9D145C1325D6967900483C5D /* Main.storyboard */; };
		9D145C1725D6967A00483C5D /* Assets.xcassets in Resources */ = {isa = PBXBuildFile; fileRef = 9D145C1625D6967A00483C5D /* Assets.xcassets */; };
		9D145C2525D6967A00483C5D /* TechPodTests.swift in Sources */ = {isa = PBXBuildFile; fileRef = 9D145C2425D6967A00483C5D /* TechPodTests.swift */; };
		9D145C3025D6967A00483C5D /* TechPodUITests.swift in Sources */ = {isa = PBXBuildFile; fileRef = 9D145C2F25D6967A00483C5D /* TechPodUITests.swift */; };
		9D4BD7EF25FB4C570030820C /* ViewController.swift in Sources */ = {isa = PBXBuildFile; fileRef = 9D4BD7EE25FB4C570030820C /* ViewController.swift */; };
		9D56153625E8F7D700F2FE80 /* hiten.jpg in Resources */ = {isa = PBXBuildFile; fileRef = 9D56153025E8F7D700F2FE80 /* hiten.jpg */; };
		9D56153725E8F7D700F2FE80 /* daisukeritya-do.jpg in Resources */ = {isa = PBXBuildFile; fileRef = 9D56153125E8F7D700F2FE80 /* daisukeritya-do.jpg */; };
		9D56153825E8F7D700F2FE80 /* akakura.jpg in Resources */ = {isa = PBXBuildFile; fileRef = 9D56153225E8F7D700F2FE80 /* akakura.jpg */; };
		9D56153925E8F7D700F2FE80 /* motizuki.jpg in Resources */ = {isa = PBXBuildFile; fileRef = 9D56153325E8F7D700F2FE80 /* motizuki.jpg */; };
		9D56153A25E8F7D700F2FE80 /* ダイスケリチャードさん.jpg in Resources */ = {isa = PBXBuildFile; fileRef = 9D56153425E8F7D700F2FE80 /* ダイスケリチャードさん.jpg */; };
		9D56153B25E8F7D700F2FE80 /* aobeni.jpg in Resources */ = {isa = PBXBuildFile; fileRef = 9D56153525E8F7D700F2FE80 /* aobeni.jpg */; };
/* End PBXBuildFile section */

/* Begin PBXContainerItemProxy section */
		9D145C2125D6967A00483C5D /* PBXContainerItemProxy */ = {
			isa = PBXContainerItemProxy;
			containerPortal = 9D145C0225D6967900483C5D /* Project object */;
			proxyType = 1;
			remoteGlobalIDString = 9D145C0925D6967900483C5D;
			remoteInfo = TechPod;
		};
		9D145C2C25D6967A00483C5D /* PBXContainerItemProxy */ = {
			isa = PBXContainerItemProxy;
			containerPortal = 9D145C0225D6967900483C5D /* Project object */;
			proxyType = 1;
			remoteGlobalIDString = 9D145C0925D6967900483C5D;
			remoteInfo = TechPod;
		};
/* End PBXContainerItemProxy section */

/* Begin PBXFileReference section */
		9D145C0A25D6967900483C5D /* TechPod.app */ = {isa = PBXFileReference; explicitFileType = wrapper.application; includeInIndex = 0; path = TechPod.app; sourceTree = BUILT_PRODUCTS_DIR; };
		9D145C0D25D6967900483C5D /* AppDelegate.swift */ = {isa = PBXFileReference; lastKnownFileType = sourcecode.swift; path = AppDelegate.swift; sourceTree = "<group>"; };
		9D145C0F25D6967900483C5D /* SceneDelegate.swift */ = {isa = PBXFileReference; lastKnownFileType = sourcecode.swift; path = SceneDelegate.swift; sourceTree = "<group>"; };
		9D145C1425D6967900483C5D /* Base */ = {isa = PBXFileReference; lastKnownFileType = file.storyboard; name = Base; path = Base.lproj/Main.storyboard; sourceTree = "<group>"; };
		9D145C1625D6967A00483C5D /* Assets.xcassets */ = {isa = PBXFileReference; lastKnownFileType = folder.assetcatalog; path = Assets.xcassets; sourceTree = "<group>"; };
		9D145C1B25D6967A00483C5D /* Info.plist */ = {isa = PBXFileReference; lastKnownFileType = text.plist.xml; path = Info.plist; sourceTree = "<group>"; };
		9D145C2025D6967A00483C5D /* TechPodTests.xctest */ = {isa = PBXFileReference; explicitFileType = wrapper.cfbundle; includeInIndex = 0; path = TechPodTests.xctest; sourceTree = BUILT_PRODUCTS_DIR; };
		9D145C2425D6967A00483C5D /* TechPodTests.swift */ = {isa = PBXFileReference; lastKnownFileType = sourcecode.swift; path = TechPodTests.swift; sourceTree = "<group>"; };
		9D145C2625D6967A00483C5D /* Info.plist */ = {isa = PBXFileReference; lastKnownFileType = text.plist.xml; path = Info.plist; sourceTree = "<group>"; };
		9D145C2B25D6967A00483C5D /* TechPodUITests.xctest */ = {isa = PBXFileReference; explicitFileType = wrapper.cfbundle; includeInIndex = 0; path = TechPodUITests.xctest; sourceTree = BUILT_PRODUCTS_DIR; };
		9D145C2F25D6967A00483C5D /* TechPodUITests.swift */ = {isa = PBXFileReference; lastKnownFileType = sourcecode.swift; path = TechPodUITests.swift; sourceTree = "<group>"; };
		9D145C3125D6967A00483C5D /* Info.plist */ = {isa = PBXFileReference; lastKnownFileType = text.plist.xml; path = Info.plist; sourceTree = "<group>"; };
		9D4BD7EE25FB4C570030820C /* ViewController.swift */ = {isa = PBXFileReference; lastKnownFileType = sourcecode.swift; path = ViewController.swift; sourceTree = "<group>"; };
		9D56153025E8F7D700F2FE80 /* hiten.jpg */ = {isa = PBXFileReference; lastKnownFileType = image.jpeg; path = hiten.jpg; sourceTree = "<group>"; };
		9D56153125E8F7D700F2FE80 /* daisukeritya-do.jpg */ = {isa = PBXFileReference; lastKnownFileType = image.jpeg; path = "daisukeritya-do.jpg"; sourceTree = "<group>"; };
		9D56153225E8F7D700F2FE80 /* akakura.jpg */ = {isa = PBXFileReference; lastKnownFileType = image.jpeg; path = akakura.jpg; sourceTree = "<group>"; };
		9D56153325E8F7D700F2FE80 /* motizuki.jpg */ = {isa = PBXFileReference; lastKnownFileType = image.jpeg; path = motizuki.jpg; sourceTree = "<group>"; };
		9D56153425E8F7D700F2FE80 /* ダイスケリチャードさん.jpg */ = {isa = PBXFileReference; lastKnownFileType = image.jpeg; path = "ダイスケリチャードさん.jpg"; sourceTree = "<group>"; };
		9D56153525E8F7D700F2FE80 /* aobeni.jpg */ = {isa = PBXFileReference; lastKnownFileType = image.jpeg; path = aobeni.jpg; sourceTree = "<group>"; };
/* End PBXFileReference section */

/* Begin PBXFrameworksBuildPhase section */
		9D145C0725D6967900483C5D /* Frameworks */ = {
			isa = PBXFrameworksBuildPhase;
			buildActionMask = 2147483647;
			files = (
			);
			runOnlyForDeploymentPostprocessing = 0;
		};
		9D145C1D25D6967A00483C5D /* Frameworks */ = {
			isa = PBXFrameworksBuildPhase;
			buildActionMask = 2147483647;
			files = (
			);
			runOnlyForDeploymentPostprocessing = 0;
		};
		9D145C2825D6967A00483C5D /* Frameworks */ = {
			isa = PBXFrameworksBuildPhase;
			buildActionMask = 2147483647;
			files = (
			);
			runOnlyForDeploymentPostprocessing = 0;
		};
/* End PBXFrameworksBuildPhase section */

/* Begin PBXGroup section */
		9D145C0125D6967900483C5D = {
			isa = PBXGroup;
			children = (
				9D145C0C25D6967900483C5D /* TechPod */,
				9D145C2325D6967A00483C5D /* TechPodTests */,
				9D145C2E25D6967A00483C5D /* TechPodUITests */,
				9D145C0B25D6967900483C5D /* Products */,
			);
			sourceTree = "<group>";
		};
		9D145C0B25D6967900483C5D /* Products */ = {
			isa = PBXGroup;
			children = (
				9D145C0A25D6967900483C5D /* TechPod.app */,
				9D145C2025D6967A00483C5D /* TechPodTests.xctest */,
				9D145C2B25D6967A00483C5D /* TechPodUITests.xctest */,
			);
			name = Products;
			sourceTree = "<group>";
		};
		9D145C0C25D6967900483C5D /* TechPod */ = {
			isa = PBXGroup;
			children = (
				9D56151A25E8F2E900F2FE80 /* New Group */,
				9D145C0D25D6967900483C5D /* AppDelegate.swift */,
				9D145C0F25D6967900483C5D /* SceneDelegate.swift */,
				9D4BD7EE25FB4C570030820C /* ViewController.swift */,
				9D145C1325D6967900483C5D /* Main.storyboard */,
				9D145C1625D6967A00483C5D /* Assets.xcassets */,
				9D145C1B25D6967A00483C5D /* Info.plist */,
			);
			path = TechPod;
			sourceTree = "<group>";
		};
		9D145C2325D6967A00483C5D /* TechPodTests */ = {
			isa = PBXGroup;
			children = (
				9D145C2425D6967A00483C5D /* TechPodTests.swift */,
				9D145C2625D6967A00483C5D /* Info.plist */,
			);
			path = TechPodTests;
			sourceTree = "<group>";
		};
		9D145C2E25D6967A00483C5D /* TechPodUITests */ = {
			isa = PBXGroup;
			children = (
				9D145C2F25D6967A00483C5D /* TechPodUITests.swift */,
				9D145C3125D6967A00483C5D /* Info.plist */,
			);
			path = TechPodUITests;
			sourceTree = "<group>";
		};
		9D56151A25E8F2E900F2FE80 /* New Group */ = {
			isa = PBXGroup;
			children = (
				9D56152F25E8F7D700F2FE80 /* イラストレーターさん */,
			);
			path = "New Group";
			sourceTree = "<group>";
		};
		9D56152F25E8F7D700F2FE80 /* イラストレーターさん */ = {
			isa = PBXGroup;
			children = (
				9D56153025E8F7D700F2FE80 /* hiten.jpg */,
				9D56153125E8F7D700F2FE80 /* daisukeritya-do.jpg */,
				9D56153225E8F7D700F2FE80 /* akakura.jpg */,
				9D56153325E8F7D700F2FE80 /* motizuki.jpg */,
				9D56153425E8F7D700F2FE80 /* ダイスケリチャードさん.jpg */,
				9D56153525E8F7D700F2FE80 /* aobeni.jpg */,
			);
			path = "イラストレーターさん";
			sourceTree = "<group>";
		};
/* End PBXGroup section */

/* Begin PBXNativeTarget section */
		9D145C0925D6967900483C5D /* TechPod */ = {
			isa = PBXNativeTarget;
			buildConfigurationList = 9D145C3425D6967A00483C5D /* Build configuration list for PBXNativeTarget "TechPod" */;
			buildPhases = (
				9D145C0625D6967900483C5D /* Sources */,
				9D145C0725D6967900483C5D /* Frameworks */,
				9D145C0825D6967900483C5D /* Resources */,
			);
			buildRules = (
			);
			dependencies = (
			);
			name = TechPod;
			productName = TechPod;
			productReference = 9D145C0A25D6967900483C5D /* TechPod.app */;
			productType = "com.apple.product-type.application";
		};
		9D145C1F25D6967A00483C5D /* TechPodTests */ = {
			isa = PBXNativeTarget;
			buildConfigurationList = 9D145C3725D6967A00483C5D /* Build configuration list for PBXNativeTarget "TechPodTests" */;
			buildPhases = (
				9D145C1C25D6967A00483C5D /* Sources */,
				9D145C1D25D6967A00483C5D /* Frameworks */,
				9D145C1E25D6967A00483C5D /* Resources */,
			);
			buildRules = (
			);
			dependencies = (
				9D145C2225D6967A00483C5D /* PBXTargetDependency */,
			);
			name = TechPodTests;
			productName = TechPodTests;
			productReference = 9D145C2025D6967A00483C5D /* TechPodTests.xctest */;
			productType = "com.apple.product-type.bundle.unit-test";
		};
		9D145C2A25D6967A00483C5D /* TechPodUITests */ = {
			isa = PBXNativeTarget;
			buildConfigurationList = 9D145C3A25D6967A00483C5D /* Build configuration list for PBXNativeTarget "TechPodUITests" */;
			buildPhases = (
				9D145C2725D6967A00483C5D /* Sources */,
				9D145C2825D6967A00483C5D /* Frameworks */,
				9D145C2925D6967A00483C5D /* Resources */,
			);
			buildRules = (
			);
			dependencies = (
				9D145C2D25D6967A00483C5D /* PBXTargetDependency */,
			);
			name = TechPodUITests;
			productName = TechPodUITests;
			productReference = 9D145C2B25D6967A00483C5D /* TechPodUITests.xctest */;
			productType = "com.apple.product-type.bundle.ui-testing";
		};
/* End PBXNativeTarget section */

/* Begin PBXProject section */
		9D145C0225D6967900483C5D /* Project object */ = {
			isa = PBXProject;
			attributes = {
				LastSwiftUpdateCheck = 1240;
				LastUpgradeCheck = 1240;
				TargetAttributes = {
					9D145C0925D6967900483C5D = {
						CreatedOnToolsVersion = 12.4;
					};
					9D145C1F25D6967A00483C5D = {
						CreatedOnToolsVersion = 12.4;
						TestTargetID = 9D145C0925D6967900483C5D;
					};
					9D145C2A25D6967A00483C5D = {
						CreatedOnToolsVersion = 12.4;
						TestTargetID = 9D145C0925D6967900483C5D;
					};
				};
			};
			buildConfigurationList = 9D145C0525D6967900483C5D /* Build configuration list for PBXProject "TechPod" */;
			compatibilityVersion = "Xcode 9.3";
			developmentRegion = en;
			hasScannedForEncodings = 0;
			knownRegions = (
				en,
				Base,
			);
			mainGroup = 9D145C0125D6967900483C5D;
			productRefGroup = 9D145C0B25D6967900483C5D /* Products */;
			projectDirPath = "";
			projectRoot = "";
			targets = (
				9D145C0925D6967900483C5D /* TechPod */,
				9D145C1F25D6967A00483C5D /* TechPodTests */,
				9D145C2A25D6967A00483C5D /* TechPodUITests */,
			);
		};
/* End PBXProject section */

/* Begin PBXResourcesBuildPhase section */
		9D145C0825D6967900483C5D /* Resources */ = {
			isa = PBXResourcesBuildPhase;
			buildActionMask = 2147483647;
			files = (
				9D56153825E8F7D700F2FE80 /* akakura.jpg in Resources */,
				9D56153A25E8F7D700F2FE80 /* ダイスケリチャードさん.jpg in Resources */,
				9D56153925E8F7D700F2FE80 /* motizuki.jpg in Resources */,
				9D56153B25E8F7D700F2FE80 /* aobeni.jpg in Resources */,
				9D145C1725D6967A00483C5D /* Assets.xcassets in Resources */,
				9D56153625E8F7D700F2FE80 /* hiten.jpg in Resources */,
				9D56153725E8F7D700F2FE80 /* daisukeritya-do.jpg in Resources */,
				9D145C1525D6967900483C5D /* Main.storyboard in Resources */,
			);
			runOnlyForDeploymentPostprocessing = 0;
		};
		9D145C1E25D6967A00483C5D /* Resources */ = {
			isa = PBXResourcesBuildPhase;
			buildActionMask = 2147483647;
			files = (
			);
			runOnlyForDeploymentPostprocessing = 0;
		};
		9D145C2925D6967A00483C5D /* Resources */ = {
			isa = PBXResourcesBuildPhase;
			buildActionMask = 2147483647;
			files = (
			);
			runOnlyForDeploymentPostprocessing = 0;
		};
/* End PBXResourcesBuildPhase section */

/* Begin PBXSourcesBuildPhase section */
		9D145C0625D6967900483C5D /* Sources */ = {
			isa = PBXSourcesBuildPhase;
			buildActionMask = 2147483647;
			files = (
				9D4BD7EF25FB4C570030820C /* ViewController.swift in Sources */,
				9D145C0E25D6967900483C5D /* AppDelegate.swift in Sources */,
				9D145C1025D6967900483C5D /* SceneDelegate.swift in Sources */,
			);
			runOnlyForDeploymentPostprocessing = 0;
		};
		9D145C1C25D6967A00483C5D /* Sources */ = {
			isa = PBXSourcesBuildPhase;
			buildActionMask = 2147483647;
			files = (
				9D145C2525D6967A00483C5D /* TechPodTests.swift in Sources */,
			);
			runOnlyForDeploymentPostprocessing = 0;
		};
		9D145C2725D6967A00483C5D /* Sources */ = {
			isa = PBXSourcesBuildPhase;
			buildActionMask = 2147483647;
			files = (
				9D145C3025D6967A00483C5D /* TechPodUITests.swift in Sources */,
			);
			runOnlyForDeploymentPostprocessing = 0;
		};
/* End PBXSourcesBuildPhase section */

/* Begin PBXTargetDependency section */
		9D145C2225D6967A00483C5D /* PBXTargetDependency */ = {
			isa = PBXTargetDependency;
			target = 9D145C0925D6967900483C5D /* TechPod */;
			targetProxy = 9D145C2125D6967A00483C5D /* PBXContainerItemProxy */;
		};
		9D145C2D25D6967A00483C5D /* PBXTargetDependency */ = {
			isa = PBXTargetDependency;
			target = 9D145C0925D6967900483C5D /* TechPod */;
			targetProxy = 9D145C2C25D6967A00483C5D /* PBXContainerItemProxy */;
		};
/* End PBXTargetDependency section */

/* Begin PBXVariantGroup section */
		9D145C1325D6967900483C5D /* Main.storyboard */ = {
			isa = PBXVariantGroup;
			children = (
				9D145C1425D6967900483C5D /* Base */,
			);
			name = Main.storyboard;
			sourceTree = "<group>";
		};
/* End PBXVariantGroup section */

/* Begin XCBuildConfiguration section */
		9D145C3225D6967A00483C5D /* Debug */ = {
			isa = XCBuildConfiguration;
			buildSettings = {
				ALWAYS_SEARCH_USER_PATHS = NO;
				CLANG_ANALYZER_NONNULL = YES;
				CLANG_ANALYZER_NUMBER_OBJECT_CONVERSION = YES_AGGRESSIVE;
				CLANG_CXX_LANGUAGE_STANDARD = "gnu++14";
				CLANG_CXX_LIBRARY = "libc++";
				CLANG_ENABLE_MODULES = YES;
				CLANG_ENABLE_OBJC_ARC = YES;
				CLANG_ENABLE_OBJC_WEAK = YES;
				CLANG_WARN_BLOCK_CAPTURE_AUTORELEASING = YES;
				CLANG_WARN_BOOL_CONVERSION = YES;
				CLANG_WARN_COMMA = YES;
				CLANG_WARN_CONSTANT_CONVERSION = YES;
				CLANG_WARN_DEPRECATED_OBJC_IMPLEMENTATIONS = YES;
				CLANG_WARN_DIRECT_OBJC_ISA_USAGE = YES_ERROR;
				CLANG_WARN_DOCUMENTATION_COMMENTS = YES;
				CLANG_WARN_EMPTY_BODY = YES;
				CLANG_WARN_ENUM_CONVERSION = YES;
				CLANG_WARN_INFINITE_RECURSION = YES;
				CLANG_WARN_INT_CONVERSION = YES;
				CLANG_WARN_NON_LITERAL_NULL_CONVERSION = YES;
				CLANG_WARN_OBJC_IMPLICIT_RETAIN_SELF = YES;
				CLANG_WARN_OBJC_LITERAL_CONVERSION = YES;
				CLANG_WARN_OBJC_ROOT_CLASS = YES_ERROR;
				CLANG_WARN_QUOTED_INCLUDE_IN_FRAMEWORK_HEADER = YES;
				CLANG_WARN_RANGE_LOOP_ANALYSIS = YES;
				CLANG_WARN_STRICT_PROTOTYPES = YES;
				CLANG_WARN_SUSPICIOUS_MOVE = YES;
				CLANG_WARN_UNGUARDED_AVAILABILITY = YES_AGGRESSIVE;
				CLANG_WARN_UNREACHABLE_CODE = YES;
				CLANG_WARN__DUPLICATE_METHOD_MATCH = YES;
				COPY_PHASE_STRIP = NO;
				DEBUG_INFORMATION_FORMAT = dwarf;
				ENABLE_STRICT_OBJC_MSGSEND = YES;
				ENABLE_TESTABILITY = YES;
				GCC_C_LANGUAGE_STANDARD = gnu11;
				GCC_DYNAMIC_NO_PIC = NO;
				GCC_NO_COMMON_BLOCKS = YES;
				GCC_OPTIMIZATION_LEVEL = 0;
				GCC_PREPROCESSOR_DEFINITIONS = (
					"DEBUG=1",
					"$(inherited)",
				);
				GCC_WARN_64_TO_32_BIT_CONVERSION = YES;
				GCC_WARN_ABOUT_RETURN_TYPE = YES_ERROR;
				GCC_WARN_UNDECLARED_SELECTOR = YES;
				GCC_WARN_UNINITIALIZED_AUTOS = YES_AGGRESSIVE;
				GCC_WARN_UNUSED_FUNCTION = YES;
				GCC_WARN_UNUSED_VARIABLE = YES;
				IPHONEOS_DEPLOYMENT_TARGET = 14.4;
				MTL_ENABLE_DEBUG_INFO = INCLUDE_SOURCE;
				MTL_FAST_MATH = YES;
				ONLY_ACTIVE_ARCH = YES;
				SDKROOT = iphoneos;
				SWIFT_ACTIVE_COMPILATION_CONDITIONS = DEBUG;
				SWIFT_OPTIMIZATION_LEVEL = "-Onone";
			};
			name = Debug;
		};
		9D145C3325D6967A00483C5D /* Release */ = {
			isa = XCBuildConfiguration;
			buildSettings = {
				ALWAYS_SEARCH_USER_PATHS = NO;
				CLANG_ANALYZER_NONNULL = YES;
				CLANG_ANALYZER_NUMBER_OBJECT_CONVERSION = YES_AGGRESSIVE;
				CLANG_CXX_LANGUAGE_STANDARD = "gnu++14";
				CLANG_CXX_LIBRARY = "libc++";
				CLANG_ENABLE_MODULES = YES;
				CLANG_ENABLE_OBJC_ARC = YES;
				CLANG_ENABLE_OBJC_WEAK = YES;
				CLANG_WARN_BLOCK_CAPTURE_AUTORELEASING = YES;
				CLANG_WARN_BOOL_CONVERSION = YES;
				CLANG_WARN_COMMA = YES;
				CLANG_WARN_CONSTANT_CONVERSION = YES;
				CLANG_WARN_DEPRECATED_OBJC_IMPLEMENTATIONS = YES;
				CLANG_WARN_DIRECT_OBJC_ISA_USAGE = YES_ERROR;
				CLANG_WARN_DOCUMENTATION_COMMENTS = YES;
				CLANG_WARN_EMPTY_BODY = YES;
				CLANG_WARN_ENUM_CONVERSION = YES;
				CLANG_WARN_INFINITE_RECURSION = YES;
				CLANG_WARN_INT_CONVERSION = YES;
				CLANG_WARN_NON_LITERAL_NULL_CONVERSION = YES;
				CLANG_WARN_OBJC_IMPLICIT_RETAIN_SELF = YES;
				CLANG_WARN_OBJC_LITERAL_CONVERSION = YES;
				CLANG_WARN_OBJC_ROOT_CLASS = YES_ERROR;
				CLANG_WARN_QUOTED_INCLUDE_IN_FRAMEWORK_HEADER = YES;
				CLANG_WARN_RANGE_LOOP_ANALYSIS = YES;
				CLANG_WARN_STRICT_PROTOTYPES = YES;
				CLANG_WARN_SUSPICIOUS_MOVE = YES;
				CLANG_WARN_UNGUARDED_AVAILABILITY = YES_AGGRESSIVE;
				CLANG_WARN_UNREACHABLE_CODE = YES;
				CLANG_WARN__DUPLICATE_METHOD_MATCH = YES;
				COPY_PHASE_STRIP = NO;
				DEBUG_INFORMATION_FORMAT = "dwarf-with-dsym";
				ENABLE_NS_ASSERTIONS = NO;
				ENABLE_STRICT_OBJC_MSGSEND = YES;
				GCC_C_LANGUAGE_STANDARD = gnu11;
				GCC_NO_COMMON_BLOCKS = YES;
				GCC_WARN_64_TO_32_BIT_CONVERSION = YES;
				GCC_WARN_ABOUT_RETURN_TYPE = YES_ERROR;
				GCC_WARN_UNDECLARED_SELECTOR = YES;
				GCC_WARN_UNINITIALIZED_AUTOS = YES_AGGRESSIVE;
				GCC_WARN_UNUSED_FUNCTION = YES;
				GCC_WARN_UNUSED_VARIABLE = YES;
				IPHONEOS_DEPLOYMENT_TARGET = 14.4;
				MTL_ENABLE_DEBUG_INFO = NO;
				MTL_FAST_MATH = YES;
				SDKROOT = iphoneos;
				SWIFT_COMPILATION_MODE = wholemodule;
				SWIFT_OPTIMIZATION_LEVEL = "-O";
				VALIDATE_PRODUCT = YES;
			};
			name = Release;
		};
		9D145C3525D6967A00483C5D /* Debug */ = {
			isa = XCBuildConfiguration;
			buildSettings = {
				ASSETCATALOG_COMPILER_APPICON_NAME = AppIcon;
				ASSETCATALOG_COMPILER_GLOBAL_ACCENT_COLOR_NAME = AccentColor;
				CODE_SIGN_STYLE = Automatic;
				INFOPLIST_FILE = TechPod/Info.plist;
				LD_RUNPATH_SEARCH_PATHS = (
					"$(inherited)",
					"@executable_path/Frameworks",
				);
				PRODUCT_BUNDLE_IDENTIFIER = com.litech.TechPod;
				PRODUCT_NAME = "$(TARGET_NAME)";
				SWIFT_VERSION = 5.0;
				TARGETED_DEVICE_FAMILY = "1,2";
			};
			name = Debug;
		};
		9D145C3625D6967A00483C5D /* Release */ = {
			isa = XCBuildConfiguration;
			buildSettings = {
				ASSETCATALOG_COMPILER_APPICON_NAME = AppIcon;
				ASSETCATALOG_COMPILER_GLOBAL_ACCENT_COLOR_NAME = AccentColor;
				CODE_SIGN_STYLE = Automatic;
				INFOPLIST_FILE = TechPod/Info.plist;
				LD_RUNPATH_SEARCH_PATHS = (
					"$(inherited)",
					"@executable_path/Frameworks",
				);
				PRODUCT_BUNDLE_IDENTIFIER = com.litech.TechPod;
				PRODUCT_NAME = "$(TARGET_NAME)";
				SWIFT_VERSION = 5.0;
				TARGETED_DEVICE_FAMILY = "1,2";
			};
			name = Release;
		};
		9D145C3825D6967A00483C5D /* Debug */ = {
			isa = XCBuildConfiguration;
			buildSettings = {
				ALWAYS_EMBED_SWIFT_STANDARD_LIBRARIES = YES;
				BUNDLE_LOADER = "$(TEST_HOST)";
				CODE_SIGN_STYLE = Automatic;
				INFOPLIST_FILE = TechPodTests/Info.plist;
				IPHONEOS_DEPLOYMENT_TARGET = 14.4;
				LD_RUNPATH_SEARCH_PATHS = (
					"$(inherited)",
					"@executable_path/Frameworks",
					"@loader_path/Frameworks",
				);
				PRODUCT_BUNDLE_IDENTIFIER = com.litech.TechPodTests;
				PRODUCT_NAME = "$(TARGET_NAME)";
				SWIFT_VERSION = 5.0;
				TARGETED_DEVICE_FAMILY = "1,2";
				TEST_HOST = "$(BUILT_PRODUCTS_DIR)/TechPod.app/TechPod";
			};
			name = Debug;
		};
		9D145C3925D6967A00483C5D /* Release */ = {
			isa = XCBuildConfiguration;
			buildSettings = {
				ALWAYS_EMBED_SWIFT_STANDARD_LIBRARIES = YES;
				BUNDLE_LOADER = "$(TEST_HOST)";
				CODE_SIGN_STYLE = Automatic;
				INFOPLIST_FILE = TechPodTests/Info.plist;
				IPHONEOS_DEPLOYMENT_TARGET = 14.4;
				LD_RUNPATH_SEARCH_PATHS = (
					"$(inherited)",
					"@executable_path/Frameworks",
					"@loader_path/Frameworks",
				);
				PRODUCT_BUNDLE_IDENTIFIER = com.litech.TechPodTests;
				PRODUCT_NAME = "$(TARGET_NAME)";
				SWIFT_VERSION = 5.0;
				TARGETED_DEVICE_FAMILY = "1,2";
				TEST_HOST = "$(BUILT_PRODUCTS_DIR)/TechPod.app/TechPod";
			};
			name = Release;
		};
		9D145C3B25D6967A00483C5D /* Debug */ = {
			isa = XCBuildConfiguration;
			buildSettings = {
				ALWAYS_EMBED_SWIFT_STANDARD_LIBRARIES = YES;
				CODE_SIGN_STYLE = Automatic;
				INFOPLIST_FILE = TechPodUITests/Info.plist;
				LD_RUNPATH_SEARCH_PATHS = (
					"$(inherited)",
					"@executable_path/Frameworks",
					"@loader_path/Frameworks",
				);
				PRODUCT_BUNDLE_IDENTIFIER = com.litech.TechPodUITests;
				PRODUCT_NAME = "$(TARGET_NAME)";
				SWIFT_VERSION = 5.0;
				TARGETED_DEVICE_FAMILY = "1,2";
				TEST_TARGET_NAME = TechPod;
			};
			name = Debug;
		};
		9D145C3C25D6967A00483C5D /* Release */ = {
			isa = XCBuildConfiguration;
			buildSettings = {
				ALWAYS_EMBED_SWIFT_STANDARD_LIBRARIES = YES;
				CODE_SIGN_STYLE = Automatic;
				INFOPLIST_FILE = TechPodUITests/Info.plist;
				LD_RUNPATH_SEARCH_PATHS = (
					"$(inherited)",
					"@executable_path/Frameworks",
					"@loader_path/Frameworks",
				);
				PRODUCT_BUNDLE_IDENTIFIER = com.litech.TechPodUITests;
				PRODUCT_NAME = "$(TARGET_NAME)";
				SWIFT_VERSION = 5.0;
				TARGETED_DEVICE_FAMILY = "1,2";
				TEST_TARGET_NAME = TechPod;
			};
			name = Release;
		};
/* End XCBuildConfiguration section */

/* Begin XCConfigurationList section */
		9D145C0525D6967900483C5D /* Build configuration list for PBXProject "TechPod" */ = {
			isa = XCConfigurationList;
			buildConfigurations = (
				9D145C3225D6967A00483C5D /* Debug */,
				9D145C3325D6967A00483C5D /* Release */,
			);
			defaultConfigurationIsVisible = 0;
			defaultConfigurationName = Release;
		};
		9D145C3425D6967A00483C5D /* Build configuration list for PBXNativeTarget "TechPod" */ = {
			isa = XCConfigurationList;
			buildConfigurations = (
				9D145C3525D6967A00483C5D /* Debug */,
				9D145C3625D6967A00483C5D /* Release */,
			);
			defaultConfigurationIsVisible = 0;
			defaultConfigurationName = Release;
		};
		9D145C3725D6967A00483C5D /* Build configuration list for PBXNativeTarget "TechPodTests" */ = {
			isa = XCConfigurationList;
			buildConfigurations = (
				9D145C3825D6967A00483C5D /* Debug */,
				9D145C3925D6967A00483C5D /* Release */,
			);
			defaultConfigurationIsVisible = 0;
			defaultConfigurationName = Release;
		};
		9D145C3A25D6967A00483C5D /* Build configuration list for PBXNativeTarget "TechPodUITests" */ = {
			isa = XCConfigurationList;
			buildConfigurations = (
				9D145C3B25D6967A00483C5D /* Debug */,
				9D145C3C25D6967A00483C5D /* Release */,
			);
			defaultConfigurationIsVisible = 0;
			defaultConfigurationName = Release;
		};
/* End XCConfigurationList section */
	};
	rootObject = 9D145C0225D6967900483C5D /* Project object */;
}
